// !$*UTF8*$!
{
	archiveVersion = 1;
	classes = {
	};
	objectVersion = 55;
	objects = {

/* Begin PBXBuildFile section */
		32453629293B9A4E00CBC2AA /* FavoriteController.swift in Sources */ = {isa = PBXBuildFile; fileRef = 32453628293B9A4E00CBC2AA /* FavoriteController.swift */; };
		32A7B259293A61CA00EA4747 /* APODTableViewCell.swift in Sources */ = {isa = PBXBuildFile; fileRef = 32A7B258293A61CA00EA4747 /* APODTableViewCell.swift */; };
		32A7B25B293A643200EA4747 /* APODViewController.swift in Sources */ = {isa = PBXBuildFile; fileRef = 32A7B25A293A643200EA4747 /* APODViewController.swift */; };
		32A7B261293A960100EA4747 /* UIView+Extension.swift in Sources */ = {isa = PBXBuildFile; fileRef = 32A7B260293A960100EA4747 /* UIView+Extension.swift */; };
		32A7B263293AC05100EA4747 /* FavoritesViewController.swift in Sources */ = {isa = PBXBuildFile; fileRef = 32A7B262293AC05100EA4747 /* FavoritesViewController.swift */; };
		32A7B26C293AC91900EA4747 /* CloudKit.framework in Frameworks */ = {isa = PBXBuildFile; fileRef = 32A7B26B293AC91900EA4747 /* CloudKit.framework */; };
		32A7B26E293ACA5300EA4747 /* ErrorResponse.swift in Sources */ = {isa = PBXBuildFile; fileRef = 32A7B26D293ACA5300EA4747 /* ErrorResponse.swift */; };
		32AF7B80293939AC00C421F7 /* AppDelegate.swift in Sources */ = {isa = PBXBuildFile; fileRef = 32AF7B7F293939AC00C421F7 /* AppDelegate.swift */; };
		32AF7B82293939AC00C421F7 /* SceneDelegate.swift in Sources */ = {isa = PBXBuildFile; fileRef = 32AF7B81293939AC00C421F7 /* SceneDelegate.swift */; };
		32AF7B87293939AC00C421F7 /* Main.storyboard in Resources */ = {isa = PBXBuildFile; fileRef = 32AF7B85293939AC00C421F7 /* Main.storyboard */; };
		32AF7B89293939AC00C421F7 /* Assets.xcassets in Resources */ = {isa = PBXBuildFile; fileRef = 32AF7B88293939AC00C421F7 /* Assets.xcassets */; };
		32AF7B8C293939AC00C421F7 /* LaunchScreen.storyboard in Resources */ = {isa = PBXBuildFile; fileRef = 32AF7B8A293939AC00C421F7 /* LaunchScreen.storyboard */; };
		32AF7B9929393A4300C421F7 /* APIError.swift in Sources */ = {isa = PBXBuildFile; fileRef = 32AF7B9829393A4300C421F7 /* APIError.swift */; };
		32AF7B9B29393A4C00C421F7 /* Strings.swift in Sources */ = {isa = PBXBuildFile; fileRef = 32AF7B9A29393A4C00C421F7 /* Strings.swift */; };
		32AF7B9D29393A5200C421F7 /* Date+Extension.swift in Sources */ = {isa = PBXBuildFile; fileRef = 32AF7B9C29393A5200C421F7 /* Date+Extension.swift */; };
		32AF7B9F29393A8500C421F7 /* APOD.swift in Sources */ = {isa = PBXBuildFile; fileRef = 32AF7B9E29393A8500C421F7 /* APOD.swift */; };
		32AF7BA329393A9C00C421F7 /* APODController.swift in Sources */ = {isa = PBXBuildFile; fileRef = 32AF7BA229393A9C00C421F7 /* APODController.swift */; };
		32AF7BA72939405200C421F7 /* CustomTabBar.swift in Sources */ = {isa = PBXBuildFile; fileRef = 32AF7BA62939405200C421F7 /* CustomTabBar.swift */; };
		32AF7BAE2939422700C421F7 /* Inter-Medium.ttf in Resources */ = {isa = PBXBuildFile; fileRef = 32AF7BAA2939422700C421F7 /* Inter-Medium.ttf */; };
		32AF7BAF2939422700C421F7 /* Inter-Bold.ttf in Resources */ = {isa = PBXBuildFile; fileRef = 32AF7BAB2939422700C421F7 /* Inter-Bold.ttf */; };
		32AF7BB02939422700C421F7 /* Inter-Regular.ttf in Resources */ = {isa = PBXBuildFile; fileRef = 32AF7BAC2939422700C421F7 /* Inter-Regular.ttf */; };
		32AF7BB12939422700C421F7 /* Inter-Light.ttf in Resources */ = {isa = PBXBuildFile; fileRef = 32AF7BAD2939422700C421F7 /* Inter-Light.ttf */; };
		32AF7BB32939432D00C421F7 /* Fonts.swift in Sources */ = {isa = PBXBuildFile; fileRef = 32AF7BB22939432D00C421F7 /* Fonts.swift */; };
		32AF7BB52939489700C421F7 /* Colors.swift in Sources */ = {isa = PBXBuildFile; fileRef = 32AF7BB42939489700C421F7 /* Colors.swift */; };
		32AF7BB72939498200C421F7 /* TodayViewController.swift in Sources */ = {isa = PBXBuildFile; fileRef = 32AF7BB62939498200C421F7 /* TodayViewController.swift */; };
		32AF7BB92939498900C421F7 /* SearchViewController.swift in Sources */ = {isa = PBXBuildFile; fileRef = 32AF7BB82939498900C421F7 /* SearchViewController.swift */; };
		32AF7BBD293969F200C421F7 /* LoadingViewController.swift in Sources */ = {isa = PBXBuildFile; fileRef = 32AF7BBC293969F200C421F7 /* LoadingViewController.swift */; };
		32AF7BBF29397A0B00C421F7 /* UIViewController+Extension.swift in Sources */ = {isa = PBXBuildFile; fileRef = 32AF7BBE29397A0B00C421F7 /* UIViewController+Extension.swift */; };
/* End PBXBuildFile section */

/* Begin PBXFileReference section */
		32453628293B9A4E00CBC2AA /* FavoriteController.swift */ = {isa = PBXFileReference; lastKnownFileType = sourcecode.swift; path = FavoriteController.swift; sourceTree = "<group>"; };
		32A7B258293A61CA00EA4747 /* APODTableViewCell.swift */ = {isa = PBXFileReference; lastKnownFileType = sourcecode.swift; path = APODTableViewCell.swift; sourceTree = "<group>"; };
		32A7B25A293A643200EA4747 /* APODViewController.swift */ = {isa = PBXFileReference; lastKnownFileType = sourcecode.swift; path = APODViewController.swift; sourceTree = "<group>"; };
		32A7B260293A960100EA4747 /* UIView+Extension.swift */ = {isa = PBXFileReference; lastKnownFileType = sourcecode.swift; path = "UIView+Extension.swift"; sourceTree = "<group>"; };
		32A7B262293AC05100EA4747 /* FavoritesViewController.swift */ = {isa = PBXFileReference; lastKnownFileType = sourcecode.swift; path = FavoritesViewController.swift; sourceTree = "<group>"; };
		32A7B269293AC91500EA4747 /* AstronomyPhoto.entitlements */ = {isa = PBXFileReference; lastKnownFileType = text.plist.entitlements; path = AstronomyPhoto.entitlements; sourceTree = "<group>"; };
		32A7B26B293AC91900EA4747 /* CloudKit.framework */ = {isa = PBXFileReference; lastKnownFileType = wrapper.framework; name = CloudKit.framework; path = System/Library/Frameworks/CloudKit.framework; sourceTree = SDKROOT; };
		32A7B26D293ACA5300EA4747 /* ErrorResponse.swift */ = {isa = PBXFileReference; lastKnownFileType = sourcecode.swift; path = ErrorResponse.swift; sourceTree = "<group>"; };
		32AF7B7C293939AC00C421F7 /* AstronomyPhoto.app */ = {isa = PBXFileReference; explicitFileType = wrapper.application; includeInIndex = 0; path = AstronomyPhoto.app; sourceTree = BUILT_PRODUCTS_DIR; };
		32AF7B7F293939AC00C421F7 /* AppDelegate.swift */ = {isa = PBXFileReference; lastKnownFileType = sourcecode.swift; path = AppDelegate.swift; sourceTree = "<group>"; };
		32AF7B81293939AC00C421F7 /* SceneDelegate.swift */ = {isa = PBXFileReference; lastKnownFileType = sourcecode.swift; path = SceneDelegate.swift; sourceTree = "<group>"; };
		32AF7B86293939AC00C421F7 /* Base */ = {isa = PBXFileReference; lastKnownFileType = file.storyboard; name = Base; path = Base.lproj/Main.storyboard; sourceTree = "<group>"; };
		32AF7B88293939AC00C421F7 /* Assets.xcassets */ = {isa = PBXFileReference; lastKnownFileType = folder.assetcatalog; path = Assets.xcassets; sourceTree = "<group>"; };
		32AF7B8B293939AC00C421F7 /* Base */ = {isa = PBXFileReference; lastKnownFileType = file.storyboard; name = Base; path = Base.lproj/LaunchScreen.storyboard; sourceTree = "<group>"; };
		32AF7B8D293939AC00C421F7 /* Info.plist */ = {isa = PBXFileReference; lastKnownFileType = text.plist.xml; path = Info.plist; sourceTree = "<group>"; };
		32AF7B9829393A4300C421F7 /* APIError.swift */ = {isa = PBXFileReference; lastKnownFileType = sourcecode.swift; path = APIError.swift; sourceTree = "<group>"; };
		32AF7B9A29393A4C00C421F7 /* Strings.swift */ = {isa = PBXFileReference; lastKnownFileType = sourcecode.swift; path = Strings.swift; sourceTree = "<group>"; };
		32AF7B9C29393A5200C421F7 /* Date+Extension.swift */ = {isa = PBXFileReference; lastKnownFileType = sourcecode.swift; path = "Date+Extension.swift"; sourceTree = "<group>"; };
		32AF7B9E29393A8500C421F7 /* APOD.swift */ = {isa = PBXFileReference; lastKnownFileType = sourcecode.swift; path = APOD.swift; sourceTree = "<group>"; };
		32AF7BA229393A9C00C421F7 /* APODController.swift */ = {isa = PBXFileReference; lastKnownFileType = sourcecode.swift; path = APODController.swift; sourceTree = "<group>"; };
		32AF7BA62939405200C421F7 /* CustomTabBar.swift */ = {isa = PBXFileReference; lastKnownFileType = sourcecode.swift; path = CustomTabBar.swift; sourceTree = "<group>"; };
		32AF7BAA2939422700C421F7 /* Inter-Medium.ttf */ = {isa = PBXFileReference; lastKnownFileType = file; path = "Inter-Medium.ttf"; sourceTree = "<group>"; };
		32AF7BAB2939422700C421F7 /* Inter-Bold.ttf */ = {isa = PBXFileReference; lastKnownFileType = file; path = "Inter-Bold.ttf"; sourceTree = "<group>"; };
		32AF7BAC2939422700C421F7 /* Inter-Regular.ttf */ = {isa = PBXFileReference; lastKnownFileType = file; path = "Inter-Regular.ttf"; sourceTree = "<group>"; };
		32AF7BAD2939422700C421F7 /* Inter-Light.ttf */ = {isa = PBXFileReference; lastKnownFileType = file; path = "Inter-Light.ttf"; sourceTree = "<group>"; };
		32AF7BB22939432D00C421F7 /* Fonts.swift */ = {isa = PBXFileReference; lastKnownFileType = sourcecode.swift; path = Fonts.swift; sourceTree = "<group>"; };
		32AF7BB42939489700C421F7 /* Colors.swift */ = {isa = PBXFileReference; lastKnownFileType = sourcecode.swift; path = Colors.swift; sourceTree = "<group>"; };
		32AF7BB62939498200C421F7 /* TodayViewController.swift */ = {isa = PBXFileReference; lastKnownFileType = sourcecode.swift; path = TodayViewController.swift; sourceTree = "<group>"; };
		32AF7BB82939498900C421F7 /* SearchViewController.swift */ = {isa = PBXFileReference; lastKnownFileType = sourcecode.swift; path = SearchViewController.swift; sourceTree = "<group>"; };
		32AF7BBC293969F200C421F7 /* LoadingViewController.swift */ = {isa = PBXFileReference; lastKnownFileType = sourcecode.swift; path = LoadingViewController.swift; sourceTree = "<group>"; };
		32AF7BBE29397A0B00C421F7 /* UIViewController+Extension.swift */ = {isa = PBXFileReference; lastKnownFileType = sourcecode.swift; path = "UIViewController+Extension.swift"; sourceTree = "<group>"; };
/* End PBXFileReference section */

/* Begin PBXFrameworksBuildPhase section */
		32AF7B79293939AC00C421F7 /* Frameworks */ = {
			isa = PBXFrameworksBuildPhase;
			buildActionMask = 2147483647;
			files = (
				32A7B26C293AC91900EA4747 /* CloudKit.framework in Frameworks */,
			);
			runOnlyForDeploymentPostprocessing = 0;
		};
/* End PBXFrameworksBuildPhase section */

/* Begin PBXGroup section */
		32A7B26A293AC91900EA4747 /* Frameworks */ = {
			isa = PBXGroup;
			children = (
				32A7B26B293AC91900EA4747 /* CloudKit.framework */,
			);
			name = Frameworks;
			sourceTree = "<group>";
		};
		32AF7B73293939AC00C421F7 = {
			isa = PBXGroup;
			children = (
				32AF7B7E293939AC00C421F7 /* AstronomyPhoto */,
				32AF7B7D293939AC00C421F7 /* Products */,
				32A7B26A293AC91900EA4747 /* Frameworks */,
			);
			sourceTree = "<group>";
		};
		32AF7B7D293939AC00C421F7 /* Products */ = {
			isa = PBXGroup;
			children = (
				32AF7B7C293939AC00C421F7 /* AstronomyPhoto.app */,
			);
			name = Products;
			sourceTree = "<group>";
		};
		32AF7B7E293939AC00C421F7 /* AstronomyPhoto */ = {
			isa = PBXGroup;
			children = (
				32A7B269293AC91500EA4747 /* AstronomyPhoto.entitlements */,
				32AF7B97293939C100C421F7 /* Resources */,
				32AF7B96293939BD00C421F7 /* Helpers+Extensions */,
				32AF7B95293939BB00C421F7 /* Models */,
				32AF7B94293939B700C421F7 /* Controllers */,
				32AF7B93293939B400C421F7 /* Views */,
			);
			path = AstronomyPhoto;
			sourceTree = "<group>";
		};
		32AF7B93293939B400C421F7 /* Views */ = {
			isa = PBXGroup;
			children = (
				32AF7BA82939411300C421F7 /* CustomViews */,
				32AF7B85293939AC00C421F7 /* Main.storyboard */,
				32AF7B8A293939AC00C421F7 /* LaunchScreen.storyboard */,
			);
			path = Views;
			sourceTree = "<group>";
		};
		32AF7B94293939B700C421F7 /* Controllers */ = {
			isa = PBXGroup;
			children = (
				32AF7BA129393A8B00C421F7 /* ModelControllers */,
				32AF7BA029393A8800C421F7 /* ViewControllers */,
			);
			path = Controllers;
			sourceTree = "<group>";
		};
		32AF7B95293939BB00C421F7 /* Models */ = {
			isa = PBXGroup;
			children = (
				32AF7B9E29393A8500C421F7 /* APOD.swift */,
				32A7B26D293ACA5300EA4747 /* ErrorResponse.swift */,
			);
			path = Models;
			sourceTree = "<group>";
		};
		32AF7B96293939BD00C421F7 /* Helpers+Extensions */ = {
			isa = PBXGroup;
			children = (
				32AF7B9829393A4300C421F7 /* APIError.swift */,
				32AF7B9A29393A4C00C421F7 /* Strings.swift */,
				32AF7BB22939432D00C421F7 /* Fonts.swift */,
				32AF7BB42939489700C421F7 /* Colors.swift */,
				32AF7B9C29393A5200C421F7 /* Date+Extension.swift */,
				32AF7BBE29397A0B00C421F7 /* UIViewController+Extension.swift */,
				32A7B260293A960100EA4747 /* UIView+Extension.swift */,
			);
			path = "Helpers+Extensions";
			sourceTree = "<group>";
		};
		32AF7B97293939C100C421F7 /* Resources */ = {
			isa = PBXGroup;
			children = (
				32AF7BA92939421700C421F7 /* Fonts */,
				32AF7B7F293939AC00C421F7 /* AppDelegate.swift */,
				32AF7B81293939AC00C421F7 /* SceneDelegate.swift */,
				32AF7B88293939AC00C421F7 /* Assets.xcassets */,
				32AF7B8D293939AC00C421F7 /* Info.plist */,
			);
			path = Resources;
			sourceTree = "<group>";
		};
		32AF7BA029393A8800C421F7 /* ViewControllers */ = {
			isa = PBXGroup;
			children = (
				32AF7BB62939498200C421F7 /* TodayViewController.swift */,
				32AF7BB82939498900C421F7 /* SearchViewController.swift */,
				32A7B25A293A643200EA4747 /* APODViewController.swift */,
				32AF7BBC293969F200C421F7 /* LoadingViewController.swift */,
				32A7B262293AC05100EA4747 /* FavoritesViewController.swift */,
			);
			path = ViewControllers;
			sourceTree = "<group>";
		};
		32AF7BA129393A8B00C421F7 /* ModelControllers */ = {
			isa = PBXGroup;
			children = (
				32AF7BA229393A9C00C421F7 /* APODController.swift */,
				32453628293B9A4E00CBC2AA /* FavoriteController.swift */,
			);
			path = ModelControllers;
			sourceTree = "<group>";
		};
		32AF7BA82939411300C421F7 /* CustomViews */ = {
			isa = PBXGroup;
			children = (
				32AF7BA62939405200C421F7 /* CustomTabBar.swift */,
				32A7B258293A61CA00EA4747 /* APODTableViewCell.swift */,
			);
			path = CustomViews;
			sourceTree = "<group>";
		};
		32AF7BA92939421700C421F7 /* Fonts */ = {
			isa = PBXGroup;
			children = (
				32AF7BAB2939422700C421F7 /* Inter-Bold.ttf */,
				32AF7BAD2939422700C421F7 /* Inter-Light.ttf */,
				32AF7BAA2939422700C421F7 /* Inter-Medium.ttf */,
				32AF7BAC2939422700C421F7 /* Inter-Regular.ttf */,
			);
			path = Fonts;
			sourceTree = "<group>";
		};
/* End PBXGroup section */

/* Begin PBXNativeTarget section */
		32AF7B7B293939AC00C421F7 /* AstronomyPhoto */ = {
			isa = PBXNativeTarget;
			buildConfigurationList = 32AF7B90293939AC00C421F7 /* Build configuration list for PBXNativeTarget "AstronomyPhoto" */;
			buildPhases = (
				32AF7B78293939AC00C421F7 /* Sources */,
				32AF7B79293939AC00C421F7 /* Frameworks */,
				32AF7B7A293939AC00C421F7 /* Resources */,
			);
			buildRules = (
			);
			dependencies = (
			);
			name = AstronomyPhoto;
			productName = AstronomyPhoto;
			productReference = 32AF7B7C293939AC00C421F7 /* AstronomyPhoto.app */;
			productType = "com.apple.product-type.application";
		};
/* End PBXNativeTarget section */

/* Begin PBXProject section */
		32AF7B74293939AC00C421F7 /* Project object */ = {
			isa = PBXProject;
			attributes = {
				BuildIndependentTargetsInParallel = 1;
				LastSwiftUpdateCheck = 1340;
				LastUpgradeCheck = 1340;
				TargetAttributes = {
					32AF7B7B293939AC00C421F7 = {
						CreatedOnToolsVersion = 13.4;
					};
				};
			};
			buildConfigurationList = 32AF7B77293939AC00C421F7 /* Build configuration list for PBXProject "AstronomyPhoto" */;
			compatibilityVersion = "Xcode 13.0";
			developmentRegion = en;
			hasScannedForEncodings = 0;
			knownRegions = (
				en,
				Base,
			);
			mainGroup = 32AF7B73293939AC00C421F7;
			productRefGroup = 32AF7B7D293939AC00C421F7 /* Products */;
			projectDirPath = "";
			projectRoot = "";
			targets = (
				32AF7B7B293939AC00C421F7 /* AstronomyPhoto */,
			);
		};
/* End PBXProject section */

/* Begin PBXResourcesBuildPhase section */
		32AF7B7A293939AC00C421F7 /* Resources */ = {
			isa = PBXResourcesBuildPhase;
			buildActionMask = 2147483647;
			files = (
				32AF7BAE2939422700C421F7 /* Inter-Medium.ttf in Resources */,
				32AF7BAF2939422700C421F7 /* Inter-Bold.ttf in Resources */,
				32AF7B8C293939AC00C421F7 /* LaunchScreen.storyboard in Resources */,
				32AF7B89293939AC00C421F7 /* Assets.xcassets in Resources */,
				32AF7BB02939422700C421F7 /* Inter-Regular.ttf in Resources */,
				32AF7B87293939AC00C421F7 /* Main.storyboard in Resources */,
				32AF7BB12939422700C421F7 /* Inter-Light.ttf in Resources */,
			);
			runOnlyForDeploymentPostprocessing = 0;
		};
/* End PBXResourcesBuildPhase section */

/* Begin PBXSourcesBuildPhase section */
		32AF7B78293939AC00C421F7 /* Sources */ = {
			isa = PBXSourcesBuildPhase;
			buildActionMask = 2147483647;
			files = (
				32AF7B9D29393A5200C421F7 /* Date+Extension.swift in Sources */,
				32AF7BB52939489700C421F7 /* Colors.swift in Sources */,
				32AF7BA329393A9C00C421F7 /* APODController.swift in Sources */,
				32AF7B9F29393A8500C421F7 /* APOD.swift in Sources */,
				32AF7BBF29397A0B00C421F7 /* UIViewController+Extension.swift in Sources */,
				32A7B259293A61CA00EA4747 /* APODTableViewCell.swift in Sources */,
				32A7B25B293A643200EA4747 /* APODViewController.swift in Sources */,
				32A7B261293A960100EA4747 /* UIView+Extension.swift in Sources */,
				32AF7BA72939405200C421F7 /* CustomTabBar.swift in Sources */,
				32AF7B80293939AC00C421F7 /* AppDelegate.swift in Sources */,
				32A7B263293AC05100EA4747 /* FavoritesViewController.swift in Sources */,
				32AF7BB92939498900C421F7 /* SearchViewController.swift in Sources */,
				32AF7B82293939AC00C421F7 /* SceneDelegate.swift in Sources */,
				32AF7B9B29393A4C00C421F7 /* Strings.swift in Sources */,
				32AF7BB32939432D00C421F7 /* Fonts.swift in Sources */,
				32453629293B9A4E00CBC2AA /* FavoriteController.swift in Sources */,
				32AF7B9929393A4300C421F7 /* APIError.swift in Sources */,
				32A7B26E293ACA5300EA4747 /* ErrorResponse.swift in Sources */,
				32AF7BBD293969F200C421F7 /* LoadingViewController.swift in Sources */,
				32AF7BB72939498200C421F7 /* TodayViewController.swift in Sources */,
			);
			runOnlyForDeploymentPostprocessing = 0;
		};
/* End PBXSourcesBuildPhase section */

/* Begin PBXVariantGroup section */
		32AF7B85293939AC00C421F7 /* Main.storyboard */ = {
			isa = PBXVariantGroup;
			children = (
				32AF7B86293939AC00C421F7 /* Base */,
			);
			name = Main.storyboard;
			sourceTree = "<group>";
		};
		32AF7B8A293939AC00C421F7 /* LaunchScreen.storyboard */ = {
			isa = PBXVariantGroup;
			children = (
				32AF7B8B293939AC00C421F7 /* Base */,
			);
			name = LaunchScreen.storyboard;
			sourceTree = "<group>";
		};
/* End PBXVariantGroup section */

/* Begin XCBuildConfiguration section */
		32AF7B8E293939AC00C421F7 /* Debug */ = {
			isa = XCBuildConfiguration;
			buildSettings = {
				ALWAYS_SEARCH_USER_PATHS = NO;
				CLANG_ANALYZER_NONNULL = YES;
				CLANG_ANALYZER_NUMBER_OBJECT_CONVERSION = YES_AGGRESSIVE;
				CLANG_CXX_LANGUAGE_STANDARD = "gnu++17";
				CLANG_ENABLE_MODULES = YES;
				CLANG_ENABLE_OBJC_ARC = YES;
				CLANG_ENABLE_OBJC_WEAK = YES;
				CLANG_WARN_BLOCK_CAPTURE_AUTORELEASING = YES;
				CLANG_WARN_BOOL_CONVERSION = YES;
				CLANG_WARN_COMMA = YES;
				CLANG_WARN_CONSTANT_CONVERSION = YES;
				CLANG_WARN_DEPRECATED_OBJC_IMPLEMENTATIONS = YES;
				CLANG_WARN_DIRECT_OBJC_ISA_USAGE = YES_ERROR;
				CLANG_WARN_DOCUMENTATION_COMMENTS = YES;
				CLANG_WARN_EMPTY_BODY = YES;
				CLANG_WARN_ENUM_CONVERSION = YES;
				CLANG_WARN_INFINITE_RECURSION = YES;
				CLANG_WARN_INT_CONVERSION = YES;
				CLANG_WARN_NON_LITERAL_NULL_CONVERSION = YES;
				CLANG_WARN_OBJC_IMPLICIT_RETAIN_SELF = YES;
				CLANG_WARN_OBJC_LITERAL_CONVERSION = YES;
				CLANG_WARN_OBJC_ROOT_CLASS = YES_ERROR;
				CLANG_WARN_QUOTED_INCLUDE_IN_FRAMEWORK_HEADER = YES;
				CLANG_WARN_RANGE_LOOP_ANALYSIS = YES;
				CLANG_WARN_STRICT_PROTOTYPES = YES;
				CLANG_WARN_SUSPICIOUS_MOVE = YES;
				CLANG_WARN_UNGUARDED_AVAILABILITY = YES_AGGRESSIVE;
				CLANG_WARN_UNREACHABLE_CODE = YES;
				CLANG_WARN__DUPLICATE_METHOD_MATCH = YES;
				COPY_PHASE_STRIP = NO;
				DEBUG_INFORMATION_FORMAT = dwarf;
				ENABLE_STRICT_OBJC_MSGSEND = YES;
				ENABLE_TESTABILITY = YES;
				GCC_C_LANGUAGE_STANDARD = gnu11;
				GCC_DYNAMIC_NO_PIC = NO;
				GCC_NO_COMMON_BLOCKS = YES;
				GCC_OPTIMIZATION_LEVEL = 0;
				GCC_PREPROCESSOR_DEFINITIONS = (
					"DEBUG=1",
					"$(inherited)",
				);
				GCC_WARN_64_TO_32_BIT_CONVERSION = YES;
				GCC_WARN_ABOUT_RETURN_TYPE = YES_ERROR;
				GCC_WARN_UNDECLARED_SELECTOR = YES;
				GCC_WARN_UNINITIALIZED_AUTOS = YES_AGGRESSIVE;
				GCC_WARN_UNUSED_FUNCTION = YES;
				GCC_WARN_UNUSED_VARIABLE = YES;
				IPHONEOS_DEPLOYMENT_TARGET = 15.5;
				MTL_ENABLE_DEBUG_INFO = INCLUDE_SOURCE;
				MTL_FAST_MATH = YES;
				ONLY_ACTIVE_ARCH = YES;
				SDKROOT = iphoneos;
				SWIFT_ACTIVE_COMPILATION_CONDITIONS = DEBUG;
				SWIFT_OPTIMIZATION_LEVEL = "-Onone";
			};
			name = Debug;
		};
		32AF7B8F293939AC00C421F7 /* Release */ = {
			isa = XCBuildConfiguration;
			buildSettings = {
				ALWAYS_SEARCH_USER_PATHS = NO;
				CLANG_ANALYZER_NONNULL = YES;
				CLANG_ANALYZER_NUMBER_OBJECT_CONVERSION = YES_AGGRESSIVE;
				CLANG_CXX_LANGUAGE_STANDARD = "gnu++17";
				CLANG_ENABLE_MODULES = YES;
				CLANG_ENABLE_OBJC_ARC = YES;
				CLANG_ENABLE_OBJC_WEAK = YES;
				CLANG_WARN_BLOCK_CAPTURE_AUTORELEASING = YES;
				CLANG_WARN_BOOL_CONVERSION = YES;
				CLANG_WARN_COMMA = YES;
				CLANG_WARN_CONSTANT_CONVERSION = YES;
				CLANG_WARN_DEPRECATED_OBJC_IMPLEMENTATIONS = YES;
				CLANG_WARN_DIRECT_OBJC_ISA_USAGE = YES_ERROR;
				CLANG_WARN_DOCUMENTATION_COMMENTS = YES;
				CLANG_WARN_EMPTY_BODY = YES;
				CLANG_WARN_ENUM_CONVERSION = YES;
				CLANG_WARN_INFINITE_RECURSION = YES;
				CLANG_WARN_INT_CONVERSION = YES;
				CLANG_WARN_NON_LITERAL_NULL_CONVERSION = YES;
				CLANG_WARN_OBJC_IMPLICIT_RETAIN_SELF = YES;
				CLANG_WARN_OBJC_LITERAL_CONVERSION = YES;
				CLANG_WARN_OBJC_ROOT_CLASS = YES_ERROR;
				CLANG_WARN_QUOTED_INCLUDE_IN_FRAMEWORK_HEADER = YES;
				CLANG_WARN_RANGE_LOOP_ANALYSIS = YES;
				CLANG_WARN_STRICT_PROTOTYPES = YES;
				CLANG_WARN_SUSPICIOUS_MOVE = YES;
				CLANG_WARN_UNGUARDED_AVAILABILITY = YES_AGGRESSIVE;
				CLANG_WARN_UNREACHABLE_CODE = YES;
				CLANG_WARN__DUPLICATE_METHOD_MATCH = YES;
				COPY_PHASE_STRIP = NO;
				DEBUG_INFORMATION_FORMAT = "dwarf-with-dsym";
				ENABLE_NS_ASSERTIONS = NO;
				ENABLE_STRICT_OBJC_MSGSEND = YES;
				GCC_C_LANGUAGE_STANDARD = gnu11;
				GCC_NO_COMMON_BLOCKS = YES;
				GCC_WARN_64_TO_32_BIT_CONVERSION = YES;
				GCC_WARN_ABOUT_RETURN_TYPE = YES_ERROR;
				GCC_WARN_UNDECLARED_SELECTOR = YES;
				GCC_WARN_UNINITIALIZED_AUTOS = YES_AGGRESSIVE;
				GCC_WARN_UNUSED_FUNCTION = YES;
				GCC_WARN_UNUSED_VARIABLE = YES;
				IPHONEOS_DEPLOYMENT_TARGET = 15.5;
				MTL_ENABLE_DEBUG_INFO = NO;
				MTL_FAST_MATH = YES;
				SDKROOT = iphoneos;
				SWIFT_COMPILATION_MODE = wholemodule;
				SWIFT_OPTIMIZATION_LEVEL = "-O";
				VALIDATE_PRODUCT = YES;
			};
			name = Release;
		};
		32AF7B91293939AC00C421F7 /* Debug */ = {
			isa = XCBuildConfiguration;
			buildSettings = {
				ASSETCATALOG_COMPILER_APPICON_NAME = AppIcon;
				ASSETCATALOG_COMPILER_GLOBAL_ACCENT_COLOR_NAME = AccentColor;
				CODE_SIGN_ENTITLEMENTS = AstronomyPhoto/AstronomyPhoto.entitlements;
				CODE_SIGN_STYLE = Automatic;
				CURRENT_PROJECT_VERSION = 1;
				DEVELOPMENT_TEAM = B2Z3KD59GR;
				GENERATE_INFOPLIST_FILE = YES;
				INFOPLIST_FILE = AstronomyPhoto/Resources/Info.plist;
				INFOPLIST_KEY_CFBundleDisplayName = "Astro Photo";
				INFOPLIST_KEY_UIApplicationSupportsIndirectInputEvents = YES;
				INFOPLIST_KEY_UILaunchStoryboardName = LaunchScreen;
				INFOPLIST_KEY_UIMainStoryboardFile = Main;
				INFOPLIST_KEY_UISupportedInterfaceOrientations_iPad = "UIInterfaceOrientationPortrait UIInterfaceOrientationPortraitUpsideDown UIInterfaceOrientationLandscapeLeft UIInterfaceOrientationLandscapeRight";
				INFOPLIST_KEY_UISupportedInterfaceOrientations_iPhone = "UIInterfaceOrientationPortrait UIInterfaceOrientationLandscapeLeft UIInterfaceOrientationLandscapeRight";
				LD_RUNPATH_SEARCH_PATHS = (
					"$(inherited)",
					"@executable_path/Frameworks",
				);
				MARKETING_VERSION = 1.0;
				PRODUCT_BUNDLE_IDENTIFIER = com.juliafrederico.AstronomyPhoto;
				PRODUCT_NAME = "$(TARGET_NAME)";
				SWIFT_EMIT_LOC_STRINGS = YES;
				SWIFT_VERSION = 5.0;
				TARGETED_DEVICE_FAMILY = "1,2";
			};
			name = Debug;
		};
		32AF7B92293939AC00C421F7 /* Release */ = {
			isa = XCBuildConfiguration;
			buildSettings = {
				ASSETCATALOG_COMPILER_APPICON_NAME = AppIcon;
				ASSETCATALOG_COMPILER_GLOBAL_ACCENT_COLOR_NAME = AccentColor;
				CODE_SIGN_ENTITLEMENTS = AstronomyPhoto/AstronomyPhoto.entitlements;
				CODE_SIGN_STYLE = Automatic;
				CURRENT_PROJECT_VERSION = 1;
				DEVELOPMENT_TEAM = B2Z3KD59GR;
				GENERATE_INFOPLIST_FILE = YES;
				INFOPLIST_FILE = AstronomyPhoto/Resources/Info.plist;
				INFOPLIST_KEY_CFBundleDisplayName = "Astro Photo";
				INFOPLIST_KEY_UIApplicationSupportsIndirectInputEvents = YES;
				INFOPLIST_KEY_UILaunchStoryboardName = LaunchScreen;
				INFOPLIST_KEY_UIMainStoryboardFile = Main;
				INFOPLIST_KEY_UISupportedInterfaceOrientations_iPad = "UIInterfaceOrientationPortrait UIInterfaceOrientationPortraitUpsideDown UIInterfaceOrientationLandscapeLeft UIInterfaceOrientationLandscapeRight";
				INFOPLIST_KEY_UISupportedInterfaceOrientations_iPhone = "UIInterfaceOrientationPortrait UIInterfaceOrientationLandscapeLeft UIInterfaceOrientationLandscapeRight";
				LD_RUNPATH_SEARCH_PATHS = (
					"$(inherited)",
					"@executable_path/Frameworks",
				);
				MARKETING_VERSION = 1.0;
				PRODUCT_BUNDLE_IDENTIFIER = com.juliafrederico.AstronomyPhoto;
				PRODUCT_NAME = "$(TARGET_NAME)";
				SWIFT_EMIT_LOC_STRINGS = YES;
				SWIFT_VERSION = 5.0;
				TARGETED_DEVICE_FAMILY = "1,2";
			};
			name = Release;
		};
/* End XCBuildConfiguration section */

/* Begin XCConfigurationList section */
		32AF7B77293939AC00C421F7 /* Build configuration list for PBXProject "AstronomyPhoto" */ = {
			isa = XCConfigurationList;
			buildConfigurations = (
				32AF7B8E293939AC00C421F7 /* Debug */,
				32AF7B8F293939AC00C421F7 /* Release */,
			);
			defaultConfigurationIsVisible = 0;
			defaultConfigurationName = Release;
		};
		32AF7B90293939AC00C421F7 /* Build configuration list for PBXNativeTarget "AstronomyPhoto" */ = {
			isa = XCConfigurationList;
			buildConfigurations = (
				32AF7B91293939AC00C421F7 /* Debug */,
				32AF7B92293939AC00C421F7 /* Release */,
			);
			defaultConfigurationIsVisible = 0;
			defaultConfigurationName = Release;
		};
/* End XCConfigurationList section */
	};
	rootObject = 32AF7B74293939AC00C421F7 /* Project object */;
}
